lockfileVersion: 5.4

specifiers:
  bun-types: ^0.4.0
  hono: ^3.1.5

dependencies:
  hono: 3.1.5

devDependencies:
  bun-types: 0.4.0

packages:

  /bun-types/0.4.0:
    resolution: {integrity: sha512-KaXuDgaIHmvpCxpZCVUHTbsfKYRnSKBdzlYMBNjHnav7VCvT6KqEvykd007xP86iCxytO/7C9yLvR2+7JRtMrA==}
    dev: true

  /hono/3.1.5:
    resolution: {integrity: sha512-ypFLhNYoXXtep4I9zJt3VpB5/Ze3p9BLU4dpnAp7fxHOmSg8lu/Wwjs5sTJnb2GwVdfjbt9KFB9alA4Zt/P0jw==}
    engines: {node: '>=16.0.0'}
    dev: false
